
Microsoft Visual Studio Solution File, Format Version 12.00
# Visual Studio 2013
VisualStudioVersion = 12.0.30324.0
MinimumVisualStudioVersion = 10.0.40219.1
Project("{FAE04EC0-301F-11D3-BF4B-00C04F79EFBC}") = "ODataVersioningSample", "ODataVersioningSample\ODataVersioningSample.csproj", "{0F3DD723-5F08-45D6-A5DD-6C6465544D90}"
EndProject
Project("{FAE04EC0-301F-11D3-BF4B-00C04F79EFBC}") = "ODataVersioningSample.Tests", "ODataVersioningSample.Tests\ODataVersioningSample.Tests.csproj", "{63B77880-5ED3-4712-B0B8-913328B5CEBB}"
EndProject
Project("{2150E333-8FDC-42A3-9474-1A3956D46DE8}") = "Solution Items", "Solution Items", "{CC36F7C2-88D6-475F-AA94-B82976C8161B}"
	ProjectSection(SolutionItems) = preProject
		ReadMe.txt = ReadMe.txt
	EndProjectSection
EndProject
Project("{2150E333-8FDC-42A3-9474-1A3956D46DE8}") = ".nuget", ".nuget", "{FC9C9119-172E-45FC-B2D2-7069AA6C5352}"
	ProjectSection(SolutionItems) = preProject
		.nuget\NuGet.Config = .nuget\NuGet.Config
		.nuget\NuGet.targets = .nuget\NuGet.targets
	EndProjectSection
EndProject
Global
	GlobalSection(SolutionConfigurationPlatforms) = preSolution
		Debug|Any CPU = Debug|Any CPU
		Release|Any CPU = Release|Any CPU
	EndGlobalSection
	GlobalSection(ProjectConfigurationPlatforms) = postSolution
		{0F3DD723-5F08-45D6-A5DD-6C6465544D90}.Debug|Any CPU.ActiveCfg = Debug|Any CPU
		{0F3DD723-5F08-45D6-A5DD-6C6465544D90}.Debug|Any CPU.Build.0 = Debug|Any CPU
		{0F3DD723-5F08-45D6-A5DD-6C6465544D90}.Release|Any CPU.ActiveCfg = Release|Any CPU
		{0F3DD723-5F08-45D6-A5DD-6C6465544D90}.Release|Any CPU.Build.0 = Release|Any CPU
		{63B77880-5ED3-4712-B0B8-913328B5CEBB}.Debug|Any CPU.ActiveCfg = Debug|Any CPU
		{63B77880-5ED3-4712-B0B8-913328B5CEBB}.Debug|Any CPU.Build.0 = Debug|Any CPU
		{63B77880-5ED3-4712-B0B8-913328B5CEBB}.Release|Any CPU.ActiveCfg = Release|Any CPU
		{63B77880-5ED3-4712-B0B8-913328B5CEBB}.Release|Any CPU.Build.0 = Release|Any CPU
	EndGlobalSection
	GlobalSection(SolutionProperties) = preSolution
		HideSolutionNode = FALSE
	EndGlobalSection
EndGlobal
