
Microsoft Visual Studio Solution File, Format Version 12.00
# Visual Studio 2012
Project("{FAE04EC0-301F-11D3-BF4B-00C04F79EFBC}") = "MyCustomServer", "MyCustomServer\MyCustomServer.csproj", "{27147AF7-63F0-4402-9A19-7DC702D4808C}"
EndProject
Project("{FAE04EC0-301F-11D3-BF4B-00C04F79EFBC}") = "MyApp", "MyApp\MyApp.csproj", "{5E180877-A467-4298-A7DA-EA93CC55F13B}"
EndProject
Project("{2150E333-8FDC-42A3-9474-1A3956D46DE8}") = ".nuget", ".nuget", "{5CAE720B-9261-4D2C-B8C9-1B7844858F73}"
	ProjectSection(SolutionItems) = preProject
		.nuget\NuGet.Config = .nuget\NuGet.Config
		.nuget\NuGet.exe = .nuget\NuGet.exe
		.nuget\NuGet.targets = .nuget\NuGet.targets
	EndProjectSection
EndProject
Global
	GlobalSection(SolutionConfigurationPlatforms) = preSolution
		Debug|Any CPU = Debug|Any CPU
		Release|Any CPU = Release|Any CPU
	EndGlobalSection
	GlobalSection(ProjectConfigurationPlatforms) = postSolution
		{27147AF7-63F0-4402-9A19-7DC702D4808C}.Debug|Any CPU.ActiveCfg = Debug|Any CPU
		{27147AF7-63F0-4402-9A19-7DC702D4808C}.Debug|Any CPU.Build.0 = Debug|Any CPU
		{27147AF7-63F0-4402-9A19-7DC702D4808C}.Release|Any CPU.ActiveCfg = Release|Any CPU
		{27147AF7-63F0-4402-9A19-7DC702D4808C}.Release|Any CPU.Build.0 = Release|Any CPU
		{5E180877-A467-4298-A7DA-EA93CC55F13B}.Debug|Any CPU.ActiveCfg = Debug|Any CPU
		{5E180877-A467-4298-A7DA-EA93CC55F13B}.Debug|Any CPU.Build.0 = Debug|Any CPU
		{5E180877-A467-4298-A7DA-EA93CC55F13B}.Release|Any CPU.ActiveCfg = Release|Any CPU
		{5E180877-A467-4298-A7DA-EA93CC55F13B}.Release|Any CPU.Build.0 = Release|Any CPU
	EndGlobalSection
	GlobalSection(SolutionProperties) = preSolution
		HideSolutionNode = FALSE
	EndGlobalSection
EndGlobal
