
Microsoft Visual Studio Solution File, Format Version 12.00
# Visual Studio 15
VisualStudioVersion = 15.0.26124.0
MinimumVisualStudioVersion = 15.0.26124.0
Project("{FAE04EC0-301F-11D3-BF4B-00C04F79EFBC}") = "MyApp", "MyApp\MyApp.csproj", "{1ED015D1-5DEE-4237-8316-BDD192DDB41C}"
EndProject
Project("{FAE04EC0-301F-11D3-BF4B-00C04F79EFBC}") = "MyClassLib", "MyClassLib\MyClassLib.csproj", "{53FE3DF5-0FD3-4E92-B7E5-CD4F948F1E91}"
EndProject
Global
	GlobalSection(SolutionConfigurationPlatforms) = preSolution
		Debug|Any CPU = Debug|Any CPU
		Debug|x64 = Debug|x64
		Debug|x86 = Debug|x86
		Release|Any CPU = Release|Any CPU
		Release|x64 = Release|x64
		Release|x86 = Release|x86
	EndGlobalSection
	GlobalSection(SolutionProperties) = preSolution
		HideSolutionNode = FALSE
	EndGlobalSection
	GlobalSection(ProjectConfigurationPlatforms) = postSolution
		{1ED015D1-5DEE-4237-8316-BDD192DDB41C}.Debug|Any CPU.ActiveCfg = Debug|Any CPU
		{1ED015D1-5DEE-4237-8316-BDD192DDB41C}.Debug|Any CPU.Build.0 = Debug|Any CPU
		{1ED015D1-5DEE-4237-8316-BDD192DDB41C}.Debug|x64.ActiveCfg = Debug|Any CPU
		{1ED015D1-5DEE-4237-8316-BDD192DDB41C}.Debug|x64.Build.0 = Debug|Any CPU
		{1ED015D1-5DEE-4237-8316-BDD192DDB41C}.Debug|x86.ActiveCfg = Debug|Any CPU
		{1ED015D1-5DEE-4237-8316-BDD192DDB41C}.Debug|x86.Build.0 = Debug|Any CPU
		{1ED015D1-5DEE-4237-8316-BDD192DDB41C}.Release|Any CPU.ActiveCfg = Release|Any CPU
		{1ED015D1-5DEE-4237-8316-BDD192DDB41C}.Release|Any CPU.Build.0 = Release|Any CPU
		{1ED015D1-5DEE-4237-8316-BDD192DDB41C}.Release|x64.ActiveCfg = Release|Any CPU
		{1ED015D1-5DEE-4237-8316-BDD192DDB41C}.Release|x64.Build.0 = Release|Any CPU
		{1ED015D1-5DEE-4237-8316-BDD192DDB41C}.Release|x86.ActiveCfg = Release|Any CPU
		{1ED015D1-5DEE-4237-8316-BDD192DDB41C}.Release|x86.Build.0 = Release|Any CPU
		{53FE3DF5-0FD3-4E92-B7E5-CD4F948F1E91}.Debug|Any CPU.ActiveCfg = Debug|Any CPU
		{53FE3DF5-0FD3-4E92-B7E5-CD4F948F1E91}.Debug|Any CPU.Build.0 = Debug|Any CPU
		{53FE3DF5-0FD3-4E92-B7E5-CD4F948F1E91}.Debug|x64.ActiveCfg = Debug|Any CPU
		{53FE3DF5-0FD3-4E92-B7E5-CD4F948F1E91}.Debug|x64.Build.0 = Debug|Any CPU
		{53FE3DF5-0FD3-4E92-B7E5-CD4F948F1E91}.Debug|x86.ActiveCfg = Debug|Any CPU
		{53FE3DF5-0FD3-4E92-B7E5-CD4F948F1E91}.Debug|x86.Build.0 = Debug|Any CPU
		{53FE3DF5-0FD3-4E92-B7E5-CD4F948F1E91}.Release|Any CPU.ActiveCfg = Release|Any CPU
		{53FE3DF5-0FD3-4E92-B7E5-CD4F948F1E91}.Release|Any CPU.Build.0 = Release|Any CPU
		{53FE3DF5-0FD3-4E92-B7E5-CD4F948F1E91}.Release|x64.ActiveCfg = Release|Any CPU
		{53FE3DF5-0FD3-4E92-B7E5-CD4F948F1E91}.Release|x64.Build.0 = Release|Any CPU
		{53FE3DF5-0FD3-4E92-B7E5-CD4F948F1E91}.Release|x86.ActiveCfg = Release|Any CPU
		{53FE3DF5-0FD3-4E92-B7E5-CD4F948F1E91}.Release|x86.Build.0 = Release|Any CPU
	EndGlobalSection
EndGlobal
