
Microsoft Visual Studio Solution File, Format Version 12.00
# Visual Studio 2013
VisualStudioVersion = 12.0.30324.0
MinimumVisualStudioVersion = 10.0.40219.1
Project("{FAE04EC0-301F-11D3-BF4B-00C04F79EFBC}") = "ODataQueryLimitationsSample", "ODataQueryLimitationsSample\ODataQueryLimitationsSample.csproj", "{2B6A98CD-FE49-4D8D-8A87-686CC74E8DA9}"
EndProject
Project("{2150E333-8FDC-42A3-9474-1A3956D46DE8}") = ".nuget", ".nuget", "{5B6891B8-C470-4815-A048-026876087821}"
	ProjectSection(SolutionItems) = preProject
		.nuget\NuGet.Config = .nuget\NuGet.Config
		.nuget\NuGet.targets = .nuget\NuGet.targets
	EndProjectSection
EndProject
Global
	GlobalSection(SolutionConfigurationPlatforms) = preSolution
		Debug|Any CPU = Debug|Any CPU
		Release|Any CPU = Release|Any CPU
	EndGlobalSection
	GlobalSection(ProjectConfigurationPlatforms) = postSolution
		{2B6A98CD-FE49-4D8D-8A87-686CC74E8DA9}.Debug|Any CPU.ActiveCfg = Debug|Any CPU
		{2B6A98CD-FE49-4D8D-8A87-686CC74E8DA9}.Debug|Any CPU.Build.0 = Debug|Any CPU
		{2B6A98CD-FE49-4D8D-8A87-686CC74E8DA9}.Release|Any CPU.ActiveCfg = Release|Any CPU
		{2B6A98CD-FE49-4D8D-8A87-686CC74E8DA9}.Release|Any CPU.Build.0 = Release|Any CPU
	EndGlobalSection
	GlobalSection(SolutionProperties) = preSolution
		HideSolutionNode = FALSE
	EndGlobalSection
EndGlobal
