
Microsoft Visual Studio Solution File, Format Version 12.00
# Visual Studio 2013
VisualStudioVersion = 12.0.30501.0
MinimumVisualStudioVersion = 10.0.40219.1
Project("{FAE04EC0-301F-11D3-BF4B-00C04F79EFBC}") = "ODataEFBatchSample", "ODataEFBatchSample\ODataEFBatchSample.csproj", "{CD3C3700-982F-46FD-B00A-5599D1C1930B}"
EndProject
Global
	GlobalSection(SolutionConfigurationPlatforms) = preSolution
		Debug|Any CPU = Debug|Any CPU
		Release|Any CPU = Release|Any CPU
	EndGlobalSection
	GlobalSection(ProjectConfigurationPlatforms) = postSolution
		{CD3C3700-982F-46FD-B00A-5599D1C1930B}.Debug|Any CPU.ActiveCfg = Debug|Any CPU
		{CD3C3700-982F-46FD-B00A-5599D1C1930B}.Debug|Any CPU.Build.0 = Debug|Any CPU
		{CD3C3700-982F-46FD-B00A-5599D1C1930B}.Release|Any CPU.ActiveCfg = Release|Any CPU
		{CD3C3700-982F-46FD-B00A-5599D1C1930B}.Release|Any CPU.Build.0 = Release|Any CPU
	EndGlobalSection
	GlobalSection(SolutionProperties) = preSolution
		HideSolutionNode = FALSE
	EndGlobalSection
EndGlobal
