
Microsoft Visual Studio Solution File, Format Version 12.00
# Visual Studio 2013
VisualStudioVersion = 12.0.20903.1
MinimumVisualStudioVersion = 10.0.40219.1
Project("{FAE04EC0-301F-11D3-BF4B-00C04F79EFBC}") = "SimpleMembershipMigration", "SimpleMembershipMigration\SimpleMembershipMigration.csproj", "{16D7E49C-BB43-49CC-9A29-E38F6653D5A2}"
EndProject
Global
	GlobalSection(SolutionConfigurationPlatforms) = preSolution
		Debug|Any CPU = Debug|Any CPU
		Release|Any CPU = Release|Any CPU
	EndGlobalSection
	GlobalSection(ProjectConfigurationPlatforms) = postSolution
		{16D7E49C-BB43-49CC-9A29-E38F6653D5A2}.Debug|Any CPU.ActiveCfg = Debug|Any CPU
		{16D7E49C-BB43-49CC-9A29-E38F6653D5A2}.Debug|Any CPU.Build.0 = Debug|Any CPU
		{16D7E49C-BB43-49CC-9A29-E38F6653D5A2}.Release|Any CPU.ActiveCfg = Release|Any CPU
		{16D7E49C-BB43-49CC-9A29-E38F6653D5A2}.Release|Any CPU.Build.0 = Release|Any CPU
	EndGlobalSection
	GlobalSection(SolutionProperties) = preSolution
		HideSolutionNode = FALSE
	EndGlobalSection
EndGlobal
