
Microsoft Visual Studio Solution File, Format Version 12.00
# Visual Studio 2013
VisualStudioVersion = 12.0.21005.1
MinimumVisualStudioVersion = 10.0.40219.1
Project("{FAE04EC0-301F-11D3-BF4B-00C04F79EFBC}") = "AttributeRoutingSample", "AttributeRoutingSample\AttributeRoutingSample.csproj", "{A2452A31-FC2F-461F-867C-40F9062F1D97}"
EndProject
Project("{2150E333-8FDC-42A3-9474-1A3956D46DE8}") = ".nuget", ".nuget", "{CDDBC107-E04A-49FC-B342-A9BA5912E921}"
	ProjectSection(SolutionItems) = preProject
		.nuget\NuGet.Config = .nuget\NuGet.Config
		.nuget\NuGet.targets = .nuget\NuGet.targets
	EndProjectSection
EndProject
Project("{2150E333-8FDC-42A3-9474-1A3956D46DE8}") = "Solution Items", "Solution Items", "{C453EB3C-407E-4795-A0E0-C07494CD381B}"
	ProjectSection(SolutionItems) = preProject
		Readme.txt = Readme.txt
	EndProjectSection
EndProject
Global
	GlobalSection(SolutionConfigurationPlatforms) = preSolution
		Debug|Any CPU = Debug|Any CPU
		Release|Any CPU = Release|Any CPU
	EndGlobalSection
	GlobalSection(ProjectConfigurationPlatforms) = postSolution
		{A2452A31-FC2F-461F-867C-40F9062F1D97}.Debug|Any CPU.ActiveCfg = Debug|Any CPU
		{A2452A31-FC2F-461F-867C-40F9062F1D97}.Debug|Any CPU.Build.0 = Debug|Any CPU
		{A2452A31-FC2F-461F-867C-40F9062F1D97}.Release|Any CPU.ActiveCfg = Release|Any CPU
		{A2452A31-FC2F-461F-867C-40F9062F1D97}.Release|Any CPU.Build.0 = Release|Any CPU
	EndGlobalSection
	GlobalSection(SolutionProperties) = preSolution
		HideSolutionNode = FALSE
	EndGlobalSection
EndGlobal
