
Microsoft Visual Studio Solution File, Format Version 12.00
# Visual Studio 2013
VisualStudioVersion = 12.0.30110.0
MinimumVisualStudioVersion = 10.0.40219.1
Project("{FAE04EC0-301F-11D3-BF4B-00C04F79EFBC}") = "DynamicEdmModelCreation", "DynamicEdmModelCreation\DynamicEdmModelCreation.csproj", "{A0AEA0B1-D19F-46F3-A787-02D18CBB12DB}"
EndProject
Project("{2150E333-8FDC-42A3-9474-1A3956D46DE8}") = "Solution Items", "Solution Items", "{3105C534-6C5C-4BD8-B866-085C7F2D1945}"
	ProjectSection(SolutionItems) = preProject
		ReadMe.txt = ReadMe.txt
	EndProjectSection
EndProject
Project("{2150E333-8FDC-42A3-9474-1A3956D46DE8}") = ".nuget", ".nuget", "{E61F3BF6-E0A4-4A21-B58D-0627EC69AE9C}"
	ProjectSection(SolutionItems) = preProject
		.nuget\NuGet.Config = .nuget\NuGet.Config
		.nuget\NuGet.targets = .nuget\NuGet.targets
	EndProjectSection
EndProject
Global
	GlobalSection(SolutionConfigurationPlatforms) = preSolution
		Debug|Any CPU = Debug|Any CPU
		Release|Any CPU = Release|Any CPU
	EndGlobalSection
	GlobalSection(ProjectConfigurationPlatforms) = postSolution
		{A0AEA0B1-D19F-46F3-A787-02D18CBB12DB}.Debug|Any CPU.ActiveCfg = Debug|Any CPU
		{A0AEA0B1-D19F-46F3-A787-02D18CBB12DB}.Debug|Any CPU.Build.0 = Debug|Any CPU
		{A0AEA0B1-D19F-46F3-A787-02D18CBB12DB}.Release|Any CPU.ActiveCfg = Release|Any CPU
		{A0AEA0B1-D19F-46F3-A787-02D18CBB12DB}.Release|Any CPU.Build.0 = Release|Any CPU
	EndGlobalSection
	GlobalSection(SolutionProperties) = preSolution
		HideSolutionNode = FALSE
	EndGlobalSection
EndGlobal
