
Microsoft Visual Studio Solution File, Format Version 12.00
# Visual Studio 2012
Project("{FAE04EC0-301F-11D3-BF4B-00C04F79EFBC}") = "BranchingPipelines", "BranchingPipelines.csproj", "{97440E31-555D-48DC-A924-EC706173A922}"
EndProject
Project("{2150E333-8FDC-42A3-9474-1A3956D46DE8}") = ".nuget", ".nuget", "{638D0167-F275-4CF3-B263-29DEE862F4E6}"
	ProjectSection(SolutionItems) = preProject
		.nuget\NuGet.Config = .nuget\NuGet.Config
		.nuget\NuGet.exe = .nuget\NuGet.exe
		.nuget\NuGet.targets = .nuget\NuGet.targets
	EndProjectSection
EndProject
Project("{2150E333-8FDC-42A3-9474-1A3956D46DE8}") = "Solution Items", "Solution Items", "{B8C04CEA-0A28-40B2-BDC7-B29BE591459C}"
	ProjectSection(SolutionItems) = preProject
		ReadMe.txt = ReadMe.txt
	EndProjectSection
EndProject
Global
	GlobalSection(SolutionConfigurationPlatforms) = preSolution
		Debug|Any CPU = Debug|Any CPU
		Release|Any CPU = Release|Any CPU
	EndGlobalSection
	GlobalSection(ProjectConfigurationPlatforms) = postSolution
		{97440E31-555D-48DC-A924-EC706173A922}.Debug|Any CPU.ActiveCfg = Debug|Any CPU
		{97440E31-555D-48DC-A924-EC706173A922}.Debug|Any CPU.Build.0 = Debug|Any CPU
		{97440E31-555D-48DC-A924-EC706173A922}.Release|Any CPU.ActiveCfg = Release|Any CPU
		{97440E31-555D-48DC-A924-EC706173A922}.Release|Any CPU.Build.0 = Release|Any CPU
	EndGlobalSection
	GlobalSection(SolutionProperties) = preSolution
		HideSolutionNode = FALSE
	EndGlobalSection
EndGlobal
