
Microsoft Visual Studio Solution File, Format Version 12.00
# Visual Studio Version 17
VisualStudioVersion = 17.0.31529.384
MinimumVisualStudioVersion = 10.0.40219.1
Project("{9A19103F-16F7-4668-BE54-9A1E7A4F7556}") = "BlazorAppGeneratingJSComponents", "BlazorAppGeneratingJSComponents\BlazorAppGeneratingJSComponents.csproj", "{7E83DF11-C1D2-43A5-A929-2F28851A1F1F}"
EndProject
Project("{9A19103F-16F7-4668-BE54-9A1E7A4F7556}") = "JSComponentGeneration.Build", "JSComponentGeneration.Build\JSComponentGeneration.Build.csproj", "{EA871A63-D876-4AD7-BEA6-AAEE27B0597F}"
EndProject
Project("{FAE04EC0-301F-11D3-BF4B-00C04F79EFBC}") = "JSComponentGeneration", "JSComponentGeneration\JSComponentGeneration.csproj", "{A0877ADD-5887-4762-B851-DE31BE07ECA8}"
EndProject
Global
	GlobalSection(SolutionConfigurationPlatforms) = preSolution
		Debug|Any CPU = Debug|Any CPU
		Release|Any CPU = Release|Any CPU
	EndGlobalSection
	GlobalSection(ProjectConfigurationPlatforms) = postSolution
		{7E83DF11-C1D2-43A5-A929-2F28851A1F1F}.Debug|Any CPU.ActiveCfg = Debug|Any CPU
		{7E83DF11-C1D2-43A5-A929-2F28851A1F1F}.Debug|Any CPU.Build.0 = Debug|Any CPU
		{7E83DF11-C1D2-43A5-A929-2F28851A1F1F}.Release|Any CPU.ActiveCfg = Release|Any CPU
		{7E83DF11-C1D2-43A5-A929-2F28851A1F1F}.Release|Any CPU.Build.0 = Release|Any CPU
		{EA871A63-D876-4AD7-BEA6-AAEE27B0597F}.Debug|Any CPU.ActiveCfg = Debug|Any CPU
		{EA871A63-D876-4AD7-BEA6-AAEE27B0597F}.Debug|Any CPU.Build.0 = Debug|Any CPU
		{EA871A63-D876-4AD7-BEA6-AAEE27B0597F}.Release|Any CPU.ActiveCfg = Release|Any CPU
		{EA871A63-D876-4AD7-BEA6-AAEE27B0597F}.Release|Any CPU.Build.0 = Release|Any CPU
		{A0877ADD-5887-4762-B851-DE31BE07ECA8}.Debug|Any CPU.ActiveCfg = Debug|Any CPU
		{A0877ADD-5887-4762-B851-DE31BE07ECA8}.Debug|Any CPU.Build.0 = Debug|Any CPU
		{A0877ADD-5887-4762-B851-DE31BE07ECA8}.Release|Any CPU.ActiveCfg = Release|Any CPU
		{A0877ADD-5887-4762-B851-DE31BE07ECA8}.Release|Any CPU.Build.0 = Release|Any CPU
	EndGlobalSection
	GlobalSection(SolutionProperties) = preSolution
		HideSolutionNode = FALSE
	EndGlobalSection
	GlobalSection(ExtensibilityGlobals) = postSolution
		SolutionGuid = {FE1F04CA-6675-4D56-AD2E-FFD0E56BB636}
	EndGlobalSection
EndGlobal
