
Microsoft Visual Studio Solution File, Format Version 12.00
# Visual Studio 2013
VisualStudioVersion = 12.0.21005.1
MinimumVisualStudioVersion = 10.0.40219.1
Project("{FAE04EC0-301F-11D3-BF4B-00C04F79EFBC}") = "BasicAuthentication", "BasicAuthentication\BasicAuthentication.csproj", "{CA2A2C44-B987-48FF-9130-394CBC3C2CB8}"
EndProject
Project("{FAE04EC0-301F-11D3-BF4B-00C04F79EFBC}") = "BasicAuthentication.Client", "BasicAuthentication.Client\BasicAuthentication.Client.csproj", "{22FAD340-71AE-4347-AF3E-386EB6A3D016}"
EndProject
Project("{FAE04EC0-301F-11D3-BF4B-00C04F79EFBC}") = "BasicAuthentication.Models", "BasicAuthentication.Models\BasicAuthentication.Models.csproj", "{E77DDF0D-5D61-4DA3-AF82-A6D407F057B7}"
EndProject
Project("{2150E333-8FDC-42A3-9474-1A3956D46DE8}") = ".nuget", ".nuget", "{3441ACBD-303A-4A63-B99C-14FEB9F5EC8E}"
	ProjectSection(SolutionItems) = preProject
		.nuget\NuGet.Config = .nuget\NuGet.Config
		.nuget\NuGet.exe = .nuget\NuGet.exe
		.nuget\NuGet.targets = .nuget\NuGet.targets
	EndProjectSection
EndProject
Global
	GlobalSection(SolutionConfigurationPlatforms) = preSolution
		Debug|Any CPU = Debug|Any CPU
		Release|Any CPU = Release|Any CPU
	EndGlobalSection
	GlobalSection(ProjectConfigurationPlatforms) = postSolution
		{CA2A2C44-B987-48FF-9130-394CBC3C2CB8}.Debug|Any CPU.ActiveCfg = Debug|Any CPU
		{CA2A2C44-B987-48FF-9130-394CBC3C2CB8}.Debug|Any CPU.Build.0 = Debug|Any CPU
		{CA2A2C44-B987-48FF-9130-394CBC3C2CB8}.Release|Any CPU.ActiveCfg = Release|Any CPU
		{CA2A2C44-B987-48FF-9130-394CBC3C2CB8}.Release|Any CPU.Build.0 = Release|Any CPU
		{22FAD340-71AE-4347-AF3E-386EB6A3D016}.Debug|Any CPU.ActiveCfg = Debug|Any CPU
		{22FAD340-71AE-4347-AF3E-386EB6A3D016}.Debug|Any CPU.Build.0 = Debug|Any CPU
		{22FAD340-71AE-4347-AF3E-386EB6A3D016}.Release|Any CPU.ActiveCfg = Release|Any CPU
		{22FAD340-71AE-4347-AF3E-386EB6A3D016}.Release|Any CPU.Build.0 = Release|Any CPU
		{E77DDF0D-5D61-4DA3-AF82-A6D407F057B7}.Debug|Any CPU.ActiveCfg = Debug|Any CPU
		{E77DDF0D-5D61-4DA3-AF82-A6D407F057B7}.Debug|Any CPU.Build.0 = Debug|Any CPU
		{E77DDF0D-5D61-4DA3-AF82-A6D407F057B7}.Release|Any CPU.ActiveCfg = Release|Any CPU
		{E77DDF0D-5D61-4DA3-AF82-A6D407F057B7}.Release|Any CPU.Build.0 = Release|Any CPU
	EndGlobalSection
	GlobalSection(SolutionProperties) = preSolution
		HideSolutionNode = FALSE
	EndGlobalSection
EndGlobal
