
Microsoft Visual Studio Solution File, Format Version 12.00
# Visual Studio 2012
Project("{FAE04EC0-301F-11D3-BF4B-00C04F79EFBC}") = "EnumSample", "EnumSample\EnumSample.csproj", "{DC9DA029-F81F-4112-B29E-0C383AAF0BC1}"
EndProject
Project("{2150E333-8FDC-42A3-9474-1A3956D46DE8}") = "Solution Items", "Solution Items", "{7370CD83-D8A2-43E9-AAFE-97CD1AF35F0D}"
	ProjectSection(SolutionItems) = preProject
		ReadMe.txt = ReadMe.txt
	EndProjectSection
EndProject
Project("{2150E333-8FDC-42A3-9474-1A3956D46DE8}") = ".nuget", ".nuget", "{6D8081AF-B976-4E5C-9A6A-E9B65E29CC57}"
	ProjectSection(SolutionItems) = preProject
		.nuget\NuGet.Config = .nuget\NuGet.Config
		.nuget\NuGet.targets = .nuget\NuGet.targets
	EndProjectSection
EndProject
Global
	GlobalSection(SolutionConfigurationPlatforms) = preSolution
		Debug|Any CPU = Debug|Any CPU
		Release|Any CPU = Release|Any CPU
	EndGlobalSection
	GlobalSection(ProjectConfigurationPlatforms) = postSolution
		{DC9DA029-F81F-4112-B29E-0C383AAF0BC1}.Debug|Any CPU.ActiveCfg = Debug|Any CPU
		{DC9DA029-F81F-4112-B29E-0C383AAF0BC1}.Debug|Any CPU.Build.0 = Debug|Any CPU
		{DC9DA029-F81F-4112-B29E-0C383AAF0BC1}.Release|Any CPU.ActiveCfg = Release|Any CPU
		{DC9DA029-F81F-4112-B29E-0C383AAF0BC1}.Release|Any CPU.Build.0 = Release|Any CPU
	EndGlobalSection
	GlobalSection(SolutionProperties) = preSolution
		HideSolutionNode = FALSE
	EndGlobalSection
EndGlobal
