
Microsoft Visual Studio Solution File, Format Version 12.00
# Visual Studio 2012
Project("{FAE04EC0-301F-11D3-BF4B-00C04F79EFBC}") = "WebForm", "WebForm\WebForm.csproj", "{85CEFDF7-4FF2-4B8C-B483-475DFD3BA792}"
EndProject
Project("{2150E333-8FDC-42A3-9474-1A3956D46DE8}") = ".nuget", ".nuget", "{894DF580-EA50-48FC-BB8F-8665819363A5}"
	ProjectSection(SolutionItems) = preProject
		.nuget\NuGet.Config = .nuget\NuGet.Config
		.nuget\nuget.exe = .nuget\nuget.exe
		.nuget\NuGet.targets = .nuget\NuGet.targets
	EndProjectSection
EndProject
Project("{FAE04EC0-301F-11D3-BF4B-00C04F79EFBC}") = "Client", "Client\Client.csproj", "{C788DA98-429E-4C07-AC57-1C06E4B13EA0}"
EndProject
Project("{2150E333-8FDC-42A3-9474-1A3956D46DE8}") = "Solution Items", "Solution Items", "{5B6E67D0-7067-4254-9871-12C73042A37F}"
	ProjectSection(SolutionItems) = preProject
		ReadMe.txt = ReadMe.txt
	EndProjectSection
EndProject
Global
	GlobalSection(SolutionConfigurationPlatforms) = preSolution
		Debug|Any CPU = Debug|Any CPU
		Release|Any CPU = Release|Any CPU
	EndGlobalSection
	GlobalSection(ProjectConfigurationPlatforms) = postSolution
		{85CEFDF7-4FF2-4B8C-B483-475DFD3BA792}.Debug|Any CPU.ActiveCfg = Debug|Any CPU
		{85CEFDF7-4FF2-4B8C-B483-475DFD3BA792}.Debug|Any CPU.Build.0 = Debug|Any CPU
		{85CEFDF7-4FF2-4B8C-B483-475DFD3BA792}.Release|Any CPU.ActiveCfg = Release|Any CPU
		{85CEFDF7-4FF2-4B8C-B483-475DFD3BA792}.Release|Any CPU.Build.0 = Release|Any CPU
		{C788DA98-429E-4C07-AC57-1C06E4B13EA0}.Debug|Any CPU.ActiveCfg = Debug|Any CPU
		{C788DA98-429E-4C07-AC57-1C06E4B13EA0}.Debug|Any CPU.Build.0 = Debug|Any CPU
		{C788DA98-429E-4C07-AC57-1C06E4B13EA0}.Release|Any CPU.ActiveCfg = Release|Any CPU
		{C788DA98-429E-4C07-AC57-1C06E4B13EA0}.Release|Any CPU.Build.0 = Release|Any CPU
	EndGlobalSection
	GlobalSection(SolutionProperties) = preSolution
		HideSolutionNode = FALSE
	EndGlobalSection
EndGlobal
