
Microsoft Visual Studio Solution File, Format Version 12.00
# Visual Studio 2012
Project("{2150E333-8FDC-42A3-9474-1A3956D46DE8}") = ".nuget", ".nuget", "{4D97085D-FD07-4A55-ABC3-ED9DB791BED2}"
	ProjectSection(SolutionItems) = preProject
		.nuget\NuGet.Config = .nuget\NuGet.Config
		.nuget\NuGet.exe = .nuget\NuGet.exe
		.nuget\NuGet.targets = .nuget\NuGet.targets
	EndProjectSection
EndProject
Project("{FAE04EC0-301F-11D3-BF4B-00C04F79EFBC}") = "SQLMembership-Identity-OWIN", "SQLMembership-Identity-OWIN\SQLMembership-Identity-OWIN.csproj", "{084C492C-EB01-4147-BC6A-43847E627888}"
EndProject
Global
	GlobalSection(SolutionConfigurationPlatforms) = preSolution
		Debug|Any CPU = Debug|Any CPU
		Release|Any CPU = Release|Any CPU
	EndGlobalSection
	GlobalSection(ProjectConfigurationPlatforms) = postSolution
		{084C492C-EB01-4147-BC6A-43847E627888}.Debug|Any CPU.ActiveCfg = Debug|Any CPU
		{084C492C-EB01-4147-BC6A-43847E627888}.Debug|Any CPU.Build.0 = Debug|Any CPU
		{084C492C-EB01-4147-BC6A-43847E627888}.Release|Any CPU.ActiveCfg = Release|Any CPU
		{084C492C-EB01-4147-BC6A-43847E627888}.Release|Any CPU.Build.0 = Release|Any CPU
	EndGlobalSection
	GlobalSection(SolutionProperties) = preSolution
		HideSolutionNode = FALSE
	EndGlobalSection
EndGlobal
