
Microsoft Visual Studio Solution File, Format Version 12.00
# Visual Studio 2013
VisualStudioVersion = 12.0.21005.1
MinimumVisualStudioVersion = 10.0.40219.1
Project("{FAE04EC0-301F-11D3-BF4B-00C04F79EFBC}") = "ODataComplexTypeInheritanceSample", "ODataComplexTypeInheritanceSample\ODataComplexTypeInheritanceSample.csproj", "{D25E2E3B-EF9D-4FE3-8BF5-9B3D3954C506}"
EndProject
Project("{2150E333-8FDC-42A3-9474-1A3956D46DE8}") = ".nuget", ".nuget", "{14AB6462-1548-4192-AE84-49C2A7257234}"
	ProjectSection(SolutionItems) = preProject
		.nuget\NuGet.Config = .nuget\NuGet.Config
		.nuget\NuGet.targets = .nuget\NuGet.targets
	EndProjectSection
EndProject
Project("{2150E333-8FDC-42A3-9474-1A3956D46DE8}") = "Solution Items", "Solution Items", "{3CB2CF3D-4009-44AE-ABF6-2AC9BA5A7FD6}"
	ProjectSection(SolutionItems) = preProject
		ReadMe.txt = ReadMe.txt
	EndProjectSection
EndProject
Global
	GlobalSection(SolutionConfigurationPlatforms) = preSolution
		Debug|Any CPU = Debug|Any CPU
		Release|Any CPU = Release|Any CPU
	EndGlobalSection
	GlobalSection(ProjectConfigurationPlatforms) = postSolution
		{D25E2E3B-EF9D-4FE3-8BF5-9B3D3954C506}.Debug|Any CPU.ActiveCfg = Debug|Any CPU
		{D25E2E3B-EF9D-4FE3-8BF5-9B3D3954C506}.Debug|Any CPU.Build.0 = Debug|Any CPU
		{D25E2E3B-EF9D-4FE3-8BF5-9B3D3954C506}.Release|Any CPU.ActiveCfg = Release|Any CPU
		{D25E2E3B-EF9D-4FE3-8BF5-9B3D3954C506}.Release|Any CPU.Build.0 = Release|Any CPU
	EndGlobalSection
	GlobalSection(SolutionProperties) = preSolution
		HideSolutionNode = FALSE
	EndGlobalSection
EndGlobal
