
Microsoft Visual Studio Solution File, Format Version 12.00
# Visual Studio 2012
Project("{FAE04EC0-301F-11D3-BF4B-00C04F79EFBC}") = "WorldBankSample", "WorldBankSample.csproj", "{14D3B6F1-E240-4C4A-8176-FB2911741EA1}"
EndProject
Project("{2150E333-8FDC-42A3-9474-1A3956D46DE8}") = ".nuget", ".nuget", "{A297F50D-1F11-4F84-A94B-96B7C0DC1BF8}"
	ProjectSection(SolutionItems) = preProject
		.nuget\NuGet.Config = .nuget\NuGet.Config
		.nuget\NuGet.exe = .nuget\NuGet.exe
		.nuget\NuGet.targets = .nuget\NuGet.targets
	EndProjectSection
EndProject
Project("{2150E333-8FDC-42A3-9474-1A3956D46DE8}") = "Solution Items", "Solution Items", "{0D39AE07-10FB-4D9D-A6F2-0F7988E25002}"
	ProjectSection(SolutionItems) = preProject
		ReadMe.txt = ReadMe.txt
	EndProjectSection
EndProject
Global
	GlobalSection(SolutionConfigurationPlatforms) = preSolution
		Debug|Any CPU = Debug|Any CPU
		Debug|x86 = Debug|x86
		Release|Any CPU = Release|Any CPU
		Release|x86 = Release|x86
	EndGlobalSection
	GlobalSection(ProjectConfigurationPlatforms) = postSolution
		{14D3B6F1-E240-4C4A-8176-FB2911741EA1}.Debug|Any CPU.ActiveCfg = Debug|Any CPU
		{14D3B6F1-E240-4C4A-8176-FB2911741EA1}.Debug|Any CPU.Build.0 = Debug|Any CPU
		{14D3B6F1-E240-4C4A-8176-FB2911741EA1}.Debug|x86.ActiveCfg = Debug|x86
		{14D3B6F1-E240-4C4A-8176-FB2911741EA1}.Debug|x86.Build.0 = Debug|x86
		{14D3B6F1-E240-4C4A-8176-FB2911741EA1}.Release|Any CPU.ActiveCfg = Release|Any CPU
		{14D3B6F1-E240-4C4A-8176-FB2911741EA1}.Release|Any CPU.Build.0 = Release|Any CPU
		{14D3B6F1-E240-4C4A-8176-FB2911741EA1}.Release|x86.ActiveCfg = Release|x86
		{14D3B6F1-E240-4C4A-8176-FB2911741EA1}.Release|x86.Build.0 = Release|x86
	EndGlobalSection
	GlobalSection(SolutionProperties) = preSolution
		HideSolutionNode = FALSE
	EndGlobalSection
EndGlobal
