
Microsoft Visual Studio Solution File, Format Version 12.00
# Visual Studio 2013
VisualStudioVersion = 12.0.21005.1
MinimumVisualStudioVersion = 10.0.40219.1
Project("{FAE04EC0-301F-11D3-BF4B-00C04F79EFBC}") = "WebApiAttributeRoutingSample", "WebApiAttributeRoutingSample\WebApiAttributeRoutingSample.csproj", "{A16539BC-5046-4F6C-A1D7-4901C962AE0F}"
EndProject
Project("{2150E333-8FDC-42A3-9474-1A3956D46DE8}") = ".nuget", ".nuget", "{88180238-A187-45DF-9979-B9CC49433FA0}"
	ProjectSection(SolutionItems) = preProject
		.nuget\NuGet.Config = .nuget\NuGet.Config
		.nuget\NuGet.targets = .nuget\NuGet.targets
	EndProjectSection
EndProject
Project("{FAE04EC0-301F-11D3-BF4B-00C04F79EFBC}") = "WebApiAttributeRoutingSample.Tests", "WebApiAttributeRoutingSample.Tests\WebApiAttributeRoutingSample.Tests.csproj", "{1F79BB7A-75AA-4B2D-8C2C-A15EC78416F3}"
EndProject
Global
	GlobalSection(SolutionConfigurationPlatforms) = preSolution
		Debug|Any CPU = Debug|Any CPU
		Release|Any CPU = Release|Any CPU
	EndGlobalSection
	GlobalSection(ProjectConfigurationPlatforms) = postSolution
		{A16539BC-5046-4F6C-A1D7-4901C962AE0F}.Debug|Any CPU.ActiveCfg = Debug|Any CPU
		{A16539BC-5046-4F6C-A1D7-4901C962AE0F}.Debug|Any CPU.Build.0 = Debug|Any CPU
		{A16539BC-5046-4F6C-A1D7-4901C962AE0F}.Release|Any CPU.ActiveCfg = Release|Any CPU
		{A16539BC-5046-4F6C-A1D7-4901C962AE0F}.Release|Any CPU.Build.0 = Release|Any CPU
		{1F79BB7A-75AA-4B2D-8C2C-A15EC78416F3}.Debug|Any CPU.ActiveCfg = Debug|Any CPU
		{1F79BB7A-75AA-4B2D-8C2C-A15EC78416F3}.Debug|Any CPU.Build.0 = Debug|Any CPU
		{1F79BB7A-75AA-4B2D-8C2C-A15EC78416F3}.Release|Any CPU.ActiveCfg = Release|Any CPU
		{1F79BB7A-75AA-4B2D-8C2C-A15EC78416F3}.Release|Any CPU.Build.0 = Release|Any CPU
	EndGlobalSection
	GlobalSection(SolutionProperties) = preSolution
		HideSolutionNode = FALSE
	EndGlobalSection
EndGlobal
