
Microsoft Visual Studio Solution File, Format Version 12.00
# Visual Studio 2013
VisualStudioVersion = 12.0.21005.1
MinimumVisualStudioVersion = 10.0.40219.1
Project("{FAE04EC0-301F-11D3-BF4B-00C04F79EFBC}") = "Elmah.Server", "Elmah.Server\Elmah.Server.csproj", "{07511802-8957-426E-8A1B-88CF7BFA73F9}"
EndProject
Project("{2150E333-8FDC-42A3-9474-1A3956D46DE8}") = ".nuget", ".nuget", "{45DF7D34-D3DD-4B90-BD53-2F5CA4E70BBC}"
	ProjectSection(SolutionItems) = preProject
		.nuget\NuGet.Config = .nuget\NuGet.Config
		.nuget\NuGet.exe = .nuget\NuGet.exe
		.nuget\NuGet.targets = .nuget\NuGet.targets
	EndProjectSection
EndProject
Global
	GlobalSection(SolutionConfigurationPlatforms) = preSolution
		Debug|Any CPU = Debug|Any CPU
		Release|Any CPU = Release|Any CPU
	EndGlobalSection
	GlobalSection(ProjectConfigurationPlatforms) = postSolution
		{07511802-8957-426E-8A1B-88CF7BFA73F9}.Debug|Any CPU.ActiveCfg = Debug|Any CPU
		{07511802-8957-426E-8A1B-88CF7BFA73F9}.Debug|Any CPU.Build.0 = Debug|Any CPU
		{07511802-8957-426E-8A1B-88CF7BFA73F9}.Release|Any CPU.ActiveCfg = Release|Any CPU
		{07511802-8957-426E-8A1B-88CF7BFA73F9}.Release|Any CPU.Build.0 = Release|Any CPU
	EndGlobalSection
	GlobalSection(SolutionProperties) = preSolution
		HideSolutionNode = FALSE
	EndGlobalSection
EndGlobal
