
Microsoft Visual Studio Solution File, Format Version 12.00
# Visual Studio 2013
VisualStudioVersion = 12.0.21005.1
MinimumVisualStudioVersion = 10.0.40219.1
Project("{FAE04EC0-301F-11D3-BF4B-00C04F79EFBC}") = "ODataAttributeRoutingSample", "ODataAttributeRoutingSample\ODataAttributeRoutingSample.csproj", "{05364511-66D6-416F-9AE3-78D5753C6522}"
EndProject
Project("{2150E333-8FDC-42A3-9474-1A3956D46DE8}") = "Solution Items", "Solution Items", "{10DCAD61-39FA-4BFE-A88D-22509A3D4E92}"
	ProjectSection(SolutionItems) = preProject
		ReadMe.txt = ReadMe.txt
	EndProjectSection
EndProject
Project("{2150E333-8FDC-42A3-9474-1A3956D46DE8}") = ".nuget", ".nuget", "{D3EEB33E-5602-4D42-A100-1A5283954AB1}"
	ProjectSection(SolutionItems) = preProject
		.nuget\NuGet.Config = .nuget\NuGet.Config
		.nuget\NuGet.targets = .nuget\NuGet.targets
	EndProjectSection
EndProject
Global
	GlobalSection(SolutionConfigurationPlatforms) = preSolution
		Debug|Any CPU = Debug|Any CPU
		Release|Any CPU = Release|Any CPU
	EndGlobalSection
	GlobalSection(ProjectConfigurationPlatforms) = postSolution
		{05364511-66D6-416F-9AE3-78D5753C6522}.Debug|Any CPU.ActiveCfg = Debug|Any CPU
		{05364511-66D6-416F-9AE3-78D5753C6522}.Debug|Any CPU.Build.0 = Debug|Any CPU
		{05364511-66D6-416F-9AE3-78D5753C6522}.Release|Any CPU.ActiveCfg = Release|Any CPU
		{05364511-66D6-416F-9AE3-78D5753C6522}.Release|Any CPU.Build.0 = Release|Any CPU
	EndGlobalSection
	GlobalSection(SolutionProperties) = preSolution
		HideSolutionNode = FALSE
	EndGlobalSection
EndGlobal
