Microsoft Visual Studio Solution File, Format Version 12.00
# Visual Studio 15
VisualStudioVersion = 15.0.27130.2027
MinimumVisualStudioVersion = 15.0.26124.0
Project("{9A19103F-16F7-4668-BE54-9A1E7A4F7556}") = "FlightFinder.Server", "FlightFinder.Server\FlightFinder.Server.csproj", "{5020A8E9-95DC-4ABB-B8ED-5188DD147D91}"
EndProject
Project("{9A19103F-16F7-4668-BE54-9A1E7A4F7556}") = "FlightFinder.Client", "FlightFinder.Client\FlightFinder.Client.csproj", "{AF2BD0ED-DB6A-418E-AB88-8A9FCF7A0890}"
EndProject
Project("{9A19103F-16F7-4668-BE54-9A1E7A4F7556}") = "FlightFinder.Shared", "FlightFinder.Shared\FlightFinder.Shared.csproj", "{39613A2D-88E6-452E-9396-11EE410BAB78}"
EndProject
Global
	GlobalSection(SolutionConfigurationPlatforms) = preSolution
		Debug|Any CPU = Debug|Any CPU
		Debug|x64 = Debug|x64
		Debug|x86 = Debug|x86
		Release|Any CPU = Release|Any CPU
		Release|x64 = Release|x64
		Release|x86 = Release|x86
	EndGlobalSection
	GlobalSection(ProjectConfigurationPlatforms) = postSolution
		{5020A8E9-95DC-4ABB-B8ED-5188DD147D91}.Debug|Any CPU.ActiveCfg = Debug|Any CPU
		{5020A8E9-95DC-4ABB-B8ED-5188DD147D91}.Debug|Any CPU.Build.0 = Debug|Any CPU
		{5020A8E9-95DC-4ABB-B8ED-5188DD147D91}.Debug|x64.ActiveCfg = Debug|Any CPU
		{5020A8E9-95DC-4ABB-B8ED-5188DD147D91}.Debug|x64.Build.0 = Debug|Any CPU
		{5020A8E9-95DC-4ABB-B8ED-5188DD147D91}.Debug|x86.ActiveCfg = Debug|Any CPU
		{5020A8E9-95DC-4ABB-B8ED-5188DD147D91}.Debug|x86.Build.0 = Debug|Any CPU
		{5020A8E9-95DC-4ABB-B8ED-5188DD147D91}.Release|Any CPU.ActiveCfg = Release|Any CPU
		{5020A8E9-95DC-4ABB-B8ED-5188DD147D91}.Release|Any CPU.Build.0 = Release|Any CPU
		{5020A8E9-95DC-4ABB-B8ED-5188DD147D91}.Release|x64.ActiveCfg = Release|Any CPU
		{5020A8E9-95DC-4ABB-B8ED-5188DD147D91}.Release|x64.Build.0 = Release|Any CPU
		{5020A8E9-95DC-4ABB-B8ED-5188DD147D91}.Release|x86.ActiveCfg = Release|Any CPU
		{5020A8E9-95DC-4ABB-B8ED-5188DD147D91}.Release|x86.Build.0 = Release|Any CPU
		{AF2BD0ED-DB6A-418E-AB88-8A9FCF7A0890}.Debug|Any CPU.ActiveCfg = Debug|Any CPU
		{AF2BD0ED-DB6A-418E-AB88-8A9FCF7A0890}.Debug|Any CPU.Build.0 = Debug|Any CPU
		{AF2BD0ED-DB6A-418E-AB88-8A9FCF7A0890}.Debug|x64.ActiveCfg = Debug|Any CPU
		{AF2BD0ED-DB6A-418E-AB88-8A9FCF7A0890}.Debug|x64.Build.0 = Debug|Any CPU
		{AF2BD0ED-DB6A-418E-AB88-8A9FCF7A0890}.Debug|x86.ActiveCfg = Debug|Any CPU
		{AF2BD0ED-DB6A-418E-AB88-8A9FCF7A0890}.Debug|x86.Build.0 = Debug|Any CPU
		{AF2BD0ED-DB6A-418E-AB88-8A9FCF7A0890}.Release|Any CPU.ActiveCfg = Release|Any CPU
		{AF2BD0ED-DB6A-418E-AB88-8A9FCF7A0890}.Release|Any CPU.Build.0 = Release|Any CPU
		{AF2BD0ED-DB6A-418E-AB88-8A9FCF7A0890}.Release|x64.ActiveCfg = Release|Any CPU
		{AF2BD0ED-DB6A-418E-AB88-8A9FCF7A0890}.Release|x64.Build.0 = Release|Any CPU
		{AF2BD0ED-DB6A-418E-AB88-8A9FCF7A0890}.Release|x86.ActiveCfg = Release|Any CPU
		{AF2BD0ED-DB6A-418E-AB88-8A9FCF7A0890}.Release|x86.Build.0 = Release|Any CPU
		{39613A2D-88E6-452E-9396-11EE410BAB78}.Debug|Any CPU.ActiveCfg = Debug|Any CPU
		{39613A2D-88E6-452E-9396-11EE410BAB78}.Debug|Any CPU.Build.0 = Debug|Any CPU
		{39613A2D-88E6-452E-9396-11EE410BAB78}.Debug|x64.ActiveCfg = Debug|Any CPU
		{39613A2D-88E6-452E-9396-11EE410BAB78}.Debug|x64.Build.0 = Debug|Any CPU
		{39613A2D-88E6-452E-9396-11EE410BAB78}.Debug|x86.ActiveCfg = Debug|Any CPU
		{39613A2D-88E6-452E-9396-11EE410BAB78}.Debug|x86.Build.0 = Debug|Any CPU
		{39613A2D-88E6-452E-9396-11EE410BAB78}.Release|Any CPU.ActiveCfg = Release|Any CPU
		{39613A2D-88E6-452E-9396-11EE410BAB78}.Release|Any CPU.Build.0 = Release|Any CPU
		{39613A2D-88E6-452E-9396-11EE410BAB78}.Release|x64.ActiveCfg = Release|Any CPU
		{39613A2D-88E6-452E-9396-11EE410BAB78}.Release|x64.Build.0 = Release|Any CPU
		{39613A2D-88E6-452E-9396-11EE410BAB78}.Release|x86.ActiveCfg = Release|Any CPU
		{39613A2D-88E6-452E-9396-11EE410BAB78}.Release|x86.Build.0 = Release|Any CPU
	EndGlobalSection
	GlobalSection(SolutionProperties) = preSolution
		HideSolutionNode = FALSE
	EndGlobalSection
	GlobalSection(ExtensibilityGlobals) = postSolution
		SolutionGuid = {49BF2623-E92E-4D4A-9954-6844AE36DE07}
	EndGlobalSection
EndGlobal
