
Microsoft Visual Studio Solution File, Format Version 12.00
# Visual Studio 2013
VisualStudioVersion = 12.0.21005.1
MinimumVisualStudioVersion = 10.0.40219.1
Project("{FAE04EC0-301F-11D3-BF4B-00C04F79EFBC}") = "CustomODataFormatter", "CustomODataFormatter\CustomODataFormatter.csproj", "{2B6AFB91-C250-4966-8123-397A06B32DE9}"
EndProject
Project("{2150E333-8FDC-42A3-9474-1A3956D46DE8}") = ".nuget", ".nuget", "{F09DD1A2-0870-4D71-BB14-9F34E8EEB196}"
	ProjectSection(SolutionItems) = preProject
		.nuget\NuGet.Config = .nuget\NuGet.Config
		.nuget\NuGet.targets = .nuget\NuGet.targets
	EndProjectSection
EndProject
Global
	GlobalSection(SolutionConfigurationPlatforms) = preSolution
		Debug|Any CPU = Debug|Any CPU
		Release|Any CPU = Release|Any CPU
	EndGlobalSection
	GlobalSection(ProjectConfigurationPlatforms) = postSolution
		{2B6AFB91-C250-4966-8123-397A06B32DE9}.Debug|Any CPU.ActiveCfg = Debug|Any CPU
		{2B6AFB91-C250-4966-8123-397A06B32DE9}.Debug|Any CPU.Build.0 = Debug|Any CPU
		{2B6AFB91-C250-4966-8123-397A06B32DE9}.Release|Any CPU.ActiveCfg = Release|Any CPU
		{2B6AFB91-C250-4966-8123-397A06B32DE9}.Release|Any CPU.Build.0 = Release|Any CPU
	EndGlobalSection
	GlobalSection(SolutionProperties) = preSolution
		HideSolutionNode = FALSE
	EndGlobalSection
EndGlobal
