
Microsoft Visual Studio Solution File, Format Version 12.00
# Visual Studio 2013
VisualStudioVersion = 12.0.21005.1
MinimumVisualStudioVersion = 10.0.40219.1
Project("{FAE04EC0-301F-11D3-BF4B-00C04F79EFBC}") = "ODataActionsSample", "ODataActionsSample\ODataActionsSample.csproj", "{32B4483C-350E-417A-9792-DFE1081F15D3}"
EndProject
Project("{2150E333-8FDC-42A3-9474-1A3956D46DE8}") = ".nuget", ".nuget", "{32F95CB3-77DD-4839-860A-D608C55C4EF8}"
	ProjectSection(SolutionItems) = preProject
		.nuget\NuGet.Config = .nuget\NuGet.Config
		.nuget\nuget.exe = .nuget\nuget.exe
		.nuget\NuGet.targets = .nuget\NuGet.targets
	EndProjectSection
EndProject
Project("{2150E333-8FDC-42A3-9474-1A3956D46DE8}") = "Solution Items", "Solution Items", "{3C37C4D3-6F6B-46F3-94AF-93DE2302BC69}"
	ProjectSection(SolutionItems) = preProject
		ReadMe.txt = ReadMe.txt
	EndProjectSection
EndProject
Global
	GlobalSection(SolutionConfigurationPlatforms) = preSolution
		Debug|Any CPU = Debug|Any CPU
		Release|Any CPU = Release|Any CPU
	EndGlobalSection
	GlobalSection(ProjectConfigurationPlatforms) = postSolution
		{32B4483C-350E-417A-9792-DFE1081F15D3}.Debug|Any CPU.ActiveCfg = Debug|Any CPU
		{32B4483C-350E-417A-9792-DFE1081F15D3}.Debug|Any CPU.Build.0 = Debug|Any CPU
		{32B4483C-350E-417A-9792-DFE1081F15D3}.Release|Any CPU.ActiveCfg = Release|Any CPU
		{32B4483C-350E-417A-9792-DFE1081F15D3}.Release|Any CPU.Build.0 = Release|Any CPU
	EndGlobalSection
	GlobalSection(SolutionProperties) = preSolution
		HideSolutionNode = FALSE
	EndGlobalSection
EndGlobal
