
Microsoft Visual Studio Solution File, Format Version 12.00
# Visual Studio 2012
Project("{FAE04EC0-301F-11D3-BF4B-00C04F79EFBC}") = "MemoryTracingSample", "MemoryTracingSample.csproj", "{FBFCDCF8-A804-4364-853F-F79E43B7B109}"
EndProject
Project("{2150E333-8FDC-42A3-9474-1A3956D46DE8}") = ".nuget", ".nuget", "{C844E4AC-E440-4865-A07F-3C01EB55D1AA}"
	ProjectSection(SolutionItems) = preProject
		.nuget\MemoryTracingMsBuildTasks.targets = .nuget\MemoryTracingMsBuildTasks.targets
		.nuget\Microsoft.AspNet.WebApi.MemoryTracing.Sample.nuspec = .nuget\Microsoft.AspNet.WebApi.MemoryTracing.Sample.nuspec
		.nuget\NuGet.Config = .nuget\NuGet.Config
		.nuget\NuGet.targets = .nuget\NuGet.targets
	EndProjectSection
EndProject
Project("{2150E333-8FDC-42A3-9474-1A3956D46DE8}") = "Solution Items", "Solution Items", "{88DBF61B-EBFC-4483-9BB7-72CADD341901}"
	ProjectSection(SolutionItems) = preProject
		ReadMe.txt = ReadMe.txt
	EndProjectSection
EndProject
Global
	GlobalSection(SolutionConfigurationPlatforms) = preSolution
		Debug|Any CPU = Debug|Any CPU
		Release|Any CPU = Release|Any CPU
	EndGlobalSection
	GlobalSection(ProjectConfigurationPlatforms) = postSolution
		{FBFCDCF8-A804-4364-853F-F79E43B7B109}.Debug|Any CPU.ActiveCfg = Debug|Any CPU
		{FBFCDCF8-A804-4364-853F-F79E43B7B109}.Debug|Any CPU.Build.0 = Debug|Any CPU
		{FBFCDCF8-A804-4364-853F-F79E43B7B109}.Release|Any CPU.ActiveCfg = Release|Any CPU
		{FBFCDCF8-A804-4364-853F-F79E43B7B109}.Release|Any CPU.Build.0 = Release|Any CPU
	EndGlobalSection
	GlobalSection(SolutionProperties) = preSolution
		HideSolutionNode = FALSE
	EndGlobalSection
EndGlobal
