
Microsoft Visual Studio Solution File, Format Version 12.00
# Visual Studio 2012
Project("{FAE04EC0-301F-11D3-BF4B-00C04F79EFBC}") = "HelloWorld", "HelloWorld.csproj", "{1C9334AC-1356-4D4B-94AD-725BB9AF631B}"
EndProject
Project("{2150E333-8FDC-42A3-9474-1A3956D46DE8}") = ".nuget", ".nuget", "{95446637-B3E8-4BDB-99A7-947D5D8486E7}"
	ProjectSection(SolutionItems) = preProject
		.nuget\NuGet.Config = .nuget\NuGet.Config
		.nuget\NuGet.exe = .nuget\NuGet.exe
		.nuget\NuGet.targets = .nuget\NuGet.targets
	EndProjectSection
EndProject
Project("{2150E333-8FDC-42A3-9474-1A3956D46DE8}") = "Solution Items", "Solution Items", "{355402BA-8266-4963-ACE3-D7EE6C87D32A}"
	ProjectSection(SolutionItems) = preProject
		ReadMe.txt = ReadMe.txt
	EndProjectSection
EndProject
Global
	GlobalSection(SolutionConfigurationPlatforms) = preSolution
		Debug|Any CPU = Debug|Any CPU
		Release|Any CPU = Release|Any CPU
	EndGlobalSection
	GlobalSection(ProjectConfigurationPlatforms) = postSolution
		{1C9334AC-1356-4D4B-94AD-725BB9AF631B}.Debug|Any CPU.ActiveCfg = Debug|Any CPU
		{1C9334AC-1356-4D4B-94AD-725BB9AF631B}.Debug|Any CPU.Build.0 = Debug|Any CPU
		{1C9334AC-1356-4D4B-94AD-725BB9AF631B}.Release|Any CPU.ActiveCfg = Release|Any CPU
		{1C9334AC-1356-4D4B-94AD-725BB9AF631B}.Release|Any CPU.Build.0 = Release|Any CPU
	EndGlobalSection
	GlobalSection(SolutionProperties) = preSolution
		HideSolutionNode = FALSE
	EndGlobalSection
EndGlobal
