
Microsoft Visual Studio Solution File, Format Version 12.00
# Visual Studio 2012
Project("{FAE04EC0-301F-11D3-BF4B-00C04F79EFBC}") = "AspNetRoutes", "AspNetRoutes.csproj", "{4856B694-8B1D-429D-A2C5-285CF21B0F14}"
EndProject
Project("{2150E333-8FDC-42A3-9474-1A3956D46DE8}") = ".nuget", ".nuget", "{2CF76155-BF1F-44AE-B400-C1C0563BAA36}"
	ProjectSection(SolutionItems) = preProject
		.nuget\NuGet.Config = .nuget\NuGet.Config
		.nuget\NuGet.exe = .nuget\NuGet.exe
		.nuget\NuGet.targets = .nuget\NuGet.targets
	EndProjectSection
EndProject
Project("{2150E333-8FDC-42A3-9474-1A3956D46DE8}") = "Solution Items", "Solution Items", "{12AB905D-EB94-47C1-898E-45B794673945}"
	ProjectSection(SolutionItems) = preProject
		ReadMe.txt = ReadMe.txt
	EndProjectSection
EndProject
Global
	GlobalSection(SolutionConfigurationPlatforms) = preSolution
		Debug|Any CPU = Debug|Any CPU
		Release|Any CPU = Release|Any CPU
	EndGlobalSection
	GlobalSection(ProjectConfigurationPlatforms) = postSolution
		{4856B694-8B1D-429D-A2C5-285CF21B0F14}.Debug|Any CPU.ActiveCfg = Debug|Any CPU
		{4856B694-8B1D-429D-A2C5-285CF21B0F14}.Debug|Any CPU.Build.0 = Debug|Any CPU
		{4856B694-8B1D-429D-A2C5-285CF21B0F14}.Release|Any CPU.ActiveCfg = Release|Any CPU
		{4856B694-8B1D-429D-A2C5-285CF21B0F14}.Release|Any CPU.Build.0 = Release|Any CPU
	EndGlobalSection
	GlobalSection(SolutionProperties) = preSolution
		HideSolutionNode = FALSE
	EndGlobalSection
EndGlobal
