
Microsoft Visual Studio Solution File, Format Version 12.00
# Visual Studio Version 16
VisualStudioVersion = 16.0.30309.148
MinimumVisualStudioVersion = 10.0.40219.1
Project("{9A19103F-16F7-4668-BE54-9A1E7A4F7556}") = "DataAccess.WebApplication", "DataAccess.WebApplication\DataAccess.WebApplication.csproj", "{4A0F00FB-9AEC-4F50-9D48-D70036CD2585}"
EndProject
Project("{FAE04EC0-301F-11D3-BF4B-00C04F79EFBC}") = "DataAccess.Test", "DataAccess.Test\DataAccess.Test.csproj", "{B6FD8AA6-1B7D-4F7E-9AAF-023C9511AE60}"
EndProject
Global
	GlobalSection(SolutionConfigurationPlatforms) = preSolution
		Debug|Any CPU = Debug|Any CPU
		Release|Any CPU = Release|Any CPU
	EndGlobalSection
	GlobalSection(ProjectConfigurationPlatforms) = postSolution
		{4A0F00FB-9AEC-4F50-9D48-D70036CD2585}.Debug|Any CPU.ActiveCfg = Debug|Any CPU
		{4A0F00FB-9AEC-4F50-9D48-D70036CD2585}.Debug|Any CPU.Build.0 = Debug|Any CPU
		{4A0F00FB-9AEC-4F50-9D48-D70036CD2585}.Release|Any CPU.ActiveCfg = Release|Any CPU
		{4A0F00FB-9AEC-4F50-9D48-D70036CD2585}.Release|Any CPU.Build.0 = Release|Any CPU
		{B6FD8AA6-1B7D-4F7E-9AAF-023C9511AE60}.Debug|Any CPU.ActiveCfg = Debug|Any CPU
		{B6FD8AA6-1B7D-4F7E-9AAF-023C9511AE60}.Debug|Any CPU.Build.0 = Debug|Any CPU
		{B6FD8AA6-1B7D-4F7E-9AAF-023C9511AE60}.Release|Any CPU.ActiveCfg = Release|Any CPU
		{B6FD8AA6-1B7D-4F7E-9AAF-023C9511AE60}.Release|Any CPU.Build.0 = Release|Any CPU
	EndGlobalSection
	GlobalSection(SolutionProperties) = preSolution
		HideSolutionNode = FALSE
	EndGlobalSection
	GlobalSection(ExtensibilityGlobals) = postSolution
		SolutionGuid = {DDD90B4B-5B12-49AB-8492-C1BA4CA5AD1F}
	EndGlobalSection
EndGlobal
