
Microsoft Visual Studio Solution File, Format Version 12.00
# Visual Studio 2013
VisualStudioVersion = 12.0.30110.0
MinimumVisualStudioVersion = 10.0.40219.1
Project("{FAE04EC0-301F-11D3-BF4B-00C04F79EFBC}") = "SimpleMembershipMigration", "SimpleMembershipMigration\SimpleMembershipMigration.csproj", "{16D7E49C-BB43-49CC-9A29-E38F6653D5A2}"
EndProject
Project("{2150E333-8FDC-42A3-9474-1A3956D46DE8}") = ".nuget", ".nuget", "{59ADFA6C-EFED-4CEE-A9E8-EAB4A1DD0D46}"
	ProjectSection(SolutionItems) = preProject
		.nuget\NuGet.Config = .nuget\NuGet.Config
		.nuget\NuGet.exe = .nuget\NuGet.exe
		.nuget\NuGet.targets = .nuget\NuGet.targets
	EndProjectSection
EndProject
Project("{2150E333-8FDC-42A3-9474-1A3956D46DE8}") = "Solution Items", "Solution Items", "{11843A20-EFE4-4596-B698-5E5DC4F2456C}"
	ProjectSection(SolutionItems) = preProject
		readme.txt = readme.txt
	EndProjectSection
EndProject
Global
	GlobalSection(SolutionConfigurationPlatforms) = preSolution
		Debug|Any CPU = Debug|Any CPU
		Release|Any CPU = Release|Any CPU
	EndGlobalSection
	GlobalSection(ProjectConfigurationPlatforms) = postSolution
		{16D7E49C-BB43-49CC-9A29-E38F6653D5A2}.Debug|Any CPU.ActiveCfg = Debug|Any CPU
		{16D7E49C-BB43-49CC-9A29-E38F6653D5A2}.Debug|Any CPU.Build.0 = Debug|Any CPU
		{16D7E49C-BB43-49CC-9A29-E38F6653D5A2}.Release|Any CPU.ActiveCfg = Release|Any CPU
		{16D7E49C-BB43-49CC-9A29-E38F6653D5A2}.Release|Any CPU.Build.0 = Release|Any CPU
	EndGlobalSection
	GlobalSection(SolutionProperties) = preSolution
		HideSolutionNode = FALSE
	EndGlobalSection
EndGlobal
